# This file is automatically @generated by Cargo.
# It is not intended for manual editing.
[[package]]
name = "attempt-linker"
version = "0.1.0"
dependencies = [
 "lib-maybe-link",
]

[[package]]
name = "lib-maybe-link"
version = "0.1.0"

[[package]]
name = "without-linker"
version = "0.1.0"
dependencies = [
 "lib-maybe-link",
]
